{
  "nodes": {
    "firmware": {
      "flake": false,
      "locked": {
        "lastModified": 1697732010,
        "narHash": "sha256-kGXbqkqHCPU2Xz6az3LtdAccVzGtlq+vnTLiR3Xl9+8=",
        "owner": "raspberrypi",
        "repo": "firmware",
        "rev": "ce3a0b4197eaf311ba0734efdb9f5bdedefe5e27",
        "type": "github"
      },
      "original": {
        "owner": "raspberrypi",
        "repo": "firmware",
        "type": "github"
      }
    },
    "nixpkgs": {
      "locked": {
        "lastModified": 1780902259,
        "narHash": "sha256-q8yYEC5f1mFlQO9RGna4LTc9QrcvWunX6FYp83munkQ=",
        "owner": "NixOS",
        "repo": "nixpkgs",
        "rev": "bd0ff2d3eac24699c3664d5966b9ef36f388e2ca",
        "type": "github"
      },
      "original": {
        "owner": "NixOS",
        "ref": "nixos-26.05",
        "repo": "nixpkgs",
        "type": "github"
      }
    },
    "root": {
      "inputs": {
        "firmware": "firmware",
        "nixpkgs": "nixpkgs"
      }
    }
  },
  "root": "root",
  "version": 7
}
